
Microsoft Visual Studio Solution File, Format Version 12.00
# Visual Studio Version 16
VisualStudioVersion = 16.0.30907.101
MinimumVisualStudioVersion = 10.0.40219.1
Project("{F184B08F-C81C-45F6-A57F-5ABD9991F28F}") = "BSMyGunCollection", "BSMyGunCollection\BSMyGunCollection.vbproj", "{0640934C-669C-4122-9DB7-791CAFD35E1A}"
EndProject
Project("{54435603-DBB4-11D2-8724-00A0C9A8B90C}") = "BSMyGunCollection_Setup", "BSMyGunCollection_Setup\BSMyGunCollection_Setup\BSMyGunCollection_Setup.vdproj", "{13F2E669-CFF1-46D3-8F5D-418246D4B0E3}"
EndProject
Project("{2150E333-8FDC-42A3-9474-1A3956D46DE8}") = "UnitTests", "UnitTests", "{C3B39E09-A06C-468C-9E76-CFA32FA56FA8}"
EndProject
Global
	GlobalSection(SolutionConfigurationPlatforms) = preSolution
		Debug|Any CPU = Debug|Any CPU
		Release|Any CPU = Release|Any CPU
	EndGlobalSection
	GlobalSection(ProjectConfigurationPlatforms) = postSolution
		{0640934C-669C-4122-9DB7-791CAFD35E1A}.Debug|Any CPU.ActiveCfg = Debug|Any CPU
		{0640934C-669C-4122-9DB7-791CAFD35E1A}.Debug|Any CPU.Build.0 = Debug|Any CPU
		{0640934C-669C-4122-9DB7-791CAFD35E1A}.Release|Any CPU.ActiveCfg = Release|Any CPU
		{0640934C-669C-4122-9DB7-791CAFD35E1A}.Release|Any CPU.Build.0 = Release|Any CPU
		{13F2E669-CFF1-46D3-8F5D-418246D4B0E3}.Debug|Any CPU.ActiveCfg = Release
		{13F2E669-CFF1-46D3-8F5D-418246D4B0E3}.Release|Any CPU.ActiveCfg = Release
		{13F2E669-CFF1-46D3-8F5D-418246D4B0E3}.Release|Any CPU.Build.0 = Release
	EndGlobalSection
	GlobalSection(SolutionProperties) = preSolution
		HideSolutionNode = FALSE
	EndGlobalSection
	GlobalSection(ExtensibilityGlobals) = postSolution
		SolutionGuid = {27F10E9D-7D11-4ABE-821D-B8C0CCC3CC20}
	EndGlobalSection
EndGlobal
